// !$*UTF8*$!
{
	archiveVersion = 1;
	classes = {
	};
	objectVersion = 56;
	objects = {

/* Begin PBXBuildFile section */
		C84C644029C9D20800A895E7 /* HelloVadimApp.swift in Sources */ = {isa = PBXBuildFile; fileRef = C84C643F29C9D20800A895E7 /* HelloVadimApp.swift */; };
		C84C644229C9D20800A895E7 /* ContentView.swift in Sources */ = {isa = PBXBuildFile; fileRef = C84C644129C9D20800A895E7 /* ContentView.swift */; };
		C84C644429C9D20A00A895E7 /* Assets.xcassets in Resources */ = {isa = PBXBuildFile; fileRef = C84C644329C9D20A00A895E7 /* Assets.xcassets */; };
		C84C644729C9D20A00A895E7 /* Preview Assets.xcassets in Resources */ = {isa = PBXBuildFile; fileRef = C84C644629C9D20A00A895E7 /* Preview Assets.xcassets */; };
		C84C644E29C9D2BF00A895E7 /* NavBar.swift in Sources */ = {isa = PBXBuildFile; fileRef = C84C644D29C9D2BF00A895E7 /* NavBar.swift */; };
		C84C645229C9D33E00A895E7 /* Constants.swift in Sources */ = {isa = PBXBuildFile; fileRef = C84C645129C9D33E00A895E7 /* Constants.swift */; };
		C84C645429C9D36000A895E7 /* Colors.swift in Sources */ = {isa = PBXBuildFile; fileRef = C84C645329C9D36000A895E7 /* Colors.swift */; };
		C84C645629C9D41900A895E7 /* Greetings.swift in Sources */ = {isa = PBXBuildFile; fileRef = C84C645529C9D41900A895E7 /* Greetings.swift */; };
		C84C645829C9D44700A895E7 /* Cards.swift in Sources */ = {isa = PBXBuildFile; fileRef = C84C645729C9D44700A895E7 /* Cards.swift */; };
/* End PBXBuildFile section */

/* Begin PBXFileReference section */
		C84C643C29C9D20800A895E7 /* HelloVadim.app */ = {isa = PBXFileReference; explicitFileType = wrapper.application; includeInIndex = 0; path = HelloVadim.app; sourceTree = BUILT_PRODUCTS_DIR; };
		C84C643F29C9D20800A895E7 /* HelloVadimApp.swift */ = {isa = PBXFileReference; lastKnownFileType = sourcecode.swift; path = HelloVadimApp.swift; sourceTree = "<group>"; };
		C84C644129C9D20800A895E7 /* ContentView.swift */ = {isa = PBXFileReference; lastKnownFileType = sourcecode.swift; path = ContentView.swift; sourceTree = "<group>"; };
		C84C644329C9D20A00A895E7 /* Assets.xcassets */ = {isa = PBXFileReference; lastKnownFileType = folder.assetcatalog; path = Assets.xcassets; sourceTree = "<group>"; };
		C84C644629C9D20A00A895E7 /* Preview Assets.xcassets */ = {isa = PBXFileReference; lastKnownFileType = folder.assetcatalog; path = "Preview Assets.xcassets"; sourceTree = "<group>"; };
		C84C644D29C9D2BF00A895E7 /* NavBar.swift */ = {isa = PBXFileReference; lastKnownFileType = sourcecode.swift; path = NavBar.swift; sourceTree = "<group>"; };
		C84C645129C9D33E00A895E7 /* Constants.swift */ = {isa = PBXFileReference; lastKnownFileType = sourcecode.swift; path = Constants.swift; sourceTree = "<group>"; };
		C84C645329C9D36000A895E7 /* Colors.swift */ = {isa = PBXFileReference; lastKnownFileType = sourcecode.swift; path = Colors.swift; sourceTree = "<group>"; };
		C84C645529C9D41900A895E7 /* Greetings.swift */ = {isa = PBXFileReference; lastKnownFileType = sourcecode.swift; path = Greetings.swift; sourceTree = "<group>"; };
		C84C645729C9D44700A895E7 /* Cards.swift */ = {isa = PBXFileReference; lastKnownFileType = sourcecode.swift; path = Cards.swift; sourceTree = "<group>"; };
/* End PBXFileReference section */

/* Begin PBXFrameworksBuildPhase section */
		C84C643929C9D20800A895E7 /* Frameworks */ = {
			isa = PBXFrameworksBuildPhase;
			buildActionMask = 2147483647;
			files = (
			);
			runOnlyForDeploymentPostprocessing = 0;
		};
/* End PBXFrameworksBuildPhase section */

/* Begin PBXGroup section */
		C84C643329C9D20800A895E7 = {
			isa = PBXGroup;
			children = (
				C84C643E29C9D20800A895E7 /* HelloVadim */,
				C84C643D29C9D20800A895E7 /* Products */,
			);
			sourceTree = "<group>";
		};
		C84C643D29C9D20800A895E7 /* Products */ = {
			isa = PBXGroup;
			children = (
				C84C643C29C9D20800A895E7 /* HelloVadim.app */,
			);
			name = Products;
			sourceTree = "<group>";
		};
		C84C643E29C9D20800A895E7 /* HelloVadim */ = {
			isa = PBXGroup;
			children = (
				C84C643F29C9D20800A895E7 /* HelloVadimApp.swift */,
				C84C644129C9D20800A895E7 /* ContentView.swift */,
				C84C644F29C9D30300A895E7 /* Components */,
				C84C645029C9D32100A895E7 /* Resources */,
				C84C644529C9D20A00A895E7 /* Preview Content */,
			);
			path = HelloVadim;
			sourceTree = "<group>";
		};
		C84C644529C9D20A00A895E7 /* Preview Content */ = {
			isa = PBXGroup;
			children = (
				C84C644629C9D20A00A895E7 /* Preview Assets.xcassets */,
			);
			path = "Preview Content";
			sourceTree = "<group>";
		};
		C84C644F29C9D30300A895E7 /* Components */ = {
			isa = PBXGroup;
			children = (
				C84C644D29C9D2BF00A895E7 /* NavBar.swift */,
				C84C645529C9D41900A895E7 /* Greetings.swift */,
				C84C645729C9D44700A895E7 /* Cards.swift */,
			);
			path = Components;
			sourceTree = "<group>";
		};
		C84C645029C9D32100A895E7 /* Resources */ = {
			isa = PBXGroup;
			children = (
				C84C644329C9D20A00A895E7 /* Assets.xcassets */,
				C84C645129C9D33E00A895E7 /* Constants.swift */,
				C84C645329C9D36000A895E7 /* Colors.swift */,
			);
			path = Resources;
			sourceTree = "<group>";
		};
/* End PBXGroup section */

/* Begin PBXNativeTarget section */
		C84C643B29C9D20800A895E7 /* HelloVadim */ = {
			isa = PBXNativeTarget;
			buildConfigurationList = C84C644A29C9D20A00A895E7 /* Build configuration list for PBXNativeTarget "HelloVadim" */;
			buildPhases = (
				C84C643829C9D20800A895E7 /* Sources */,
				C84C643929C9D20800A895E7 /* Frameworks */,
				C84C643A29C9D20800A895E7 /* Resources */,
			);
			buildRules = (
			);
			dependencies = (
			);
			name = HelloVadim;
			productName = HelloVadim;
			productReference = C84C643C29C9D20800A895E7 /* HelloVadim.app */;
			productType = "com.apple.product-type.application";
		};
/* End PBXNativeTarget section */

/* Begin PBXProject section */
		C84C643429C9D20800A895E7 /* Project object */ = {
			isa = PBXProject;
			attributes = {
				BuildIndependentTargetsInParallel = 1;
				LastSwiftUpdateCheck = 1420;
				LastUpgradeCheck = 1420;
				TargetAttributes = {
					C84C643B29C9D20800A895E7 = {
						CreatedOnToolsVersion = 14.2;
					};
				};
			};
			buildConfigurationList = C84C643729C9D20800A895E7 /* Build configuration list for PBXProject "HelloVadim" */;
			compatibilityVersion = "Xcode 14.0";
			developmentRegion = en;
			hasScannedForEncodings = 0;
			knownRegions = (
				en,
				Base,
			);
			mainGroup = C84C643329C9D20800A895E7;
			productRefGroup = C84C643D29C9D20800A895E7 /* Products */;
			projectDirPath = "";
			projectRoot = "";
			targets = (
				C84C643B29C9D20800A895E7 /* HelloVadim */,
			);
		};
/* End PBXProject section */

/* Begin PBXResourcesBuildPhase section */
		C84C643A29C9D20800A895E7 /* Resources */ = {
			isa = PBXResourcesBuildPhase;
			buildActionMask = 2147483647;
			files = (
				C84C644729C9D20A00A895E7 /* Preview Assets.xcassets in Resources */,
				C84C644429C9D20A00A895E7 /* Assets.xcassets in Resources */,
			);
			runOnlyForDeploymentPostprocessing = 0;
		};
/* End PBXResourcesBuildPhase section */

/* Begin PBXSourcesBuildPhase section */
		C84C643829C9D20800A895E7 /* Sources */ = {
			isa = PBXSourcesBuildPhase;
			buildActionMask = 2147483647;
			files = (
				C84C645629C9D41900A895E7 /* Greetings.swift in Sources */,
				C84C644229C9D20800A895E7 /* ContentView.swift in Sources */,
				C84C645429C9D36000A895E7 /* Colors.swift in Sources */,
				C84C645829C9D44700A895E7 /* Cards.swift in Sources */,
				C84C644E29C9D2BF00A895E7 /* NavBar.swift in Sources */,
				C84C644029C9D20800A895E7 /* HelloVadimApp.swift in Sources */,
				C84C645229C9D33E00A895E7 /* Constants.swift in Sources */,
			);
			runOnlyForDeploymentPostprocessing = 0;
		};
/* End PBXSourcesBuildPhase section */

/* Begin XCBuildConfiguration section */
		C84C644829C9D20A00A895E7 /* Debug */ = {
			isa = XCBuildConfiguration;
			buildSettings = {
				ALWAYS_SEARCH_USER_PATHS = NO;
				CLANG_ANALYZER_NONNULL = YES;
				CLANG_ANALYZER_NUMBER_OBJECT_CONVERSION = YES_AGGRESSIVE;
				CLANG_CXX_LANGUAGE_STANDARD = "gnu++20";
				CLANG_ENABLE_MODULES = YES;
				CLANG_ENABLE_OBJC_ARC = YES;
				CLANG_ENABLE_OBJC_WEAK = YES;
				CLANG_WARN_BLOCK_CAPTURE_AUTORELEASING = YES;
				CLANG_WARN_BOOL_CONVERSION = YES;
				CLANG_WARN_COMMA = YES;
				CLANG_WARN_CONSTANT_CONVERSION = YES;
				CLANG_WARN_DEPRECATED_OBJC_IMPLEMENTATIONS = YES;
				CLANG_WARN_DIRECT_OBJC_ISA_USAGE = YES_ERROR;
				CLANG_WARN_DOCUMENTATION_COMMENTS = YES;
				CLANG_WARN_EMPTY_BODY = YES;
				CLANG_WARN_ENUM_CONVERSION = YES;
				CLANG_WARN_INFINITE_RECURSION = YES;
				CLANG_WARN_INT_CONVERSION = YES;
				CLANG_WARN_NON_LITERAL_NULL_CONVERSION = YES;
				CLANG_WARN_OBJC_IMPLICIT_RETAIN_SELF = YES;
				CLANG_WARN_OBJC_LITERAL_CONVERSION = YES;
				CLANG_WARN_OBJC_ROOT_CLASS = YES_ERROR;
				CLANG_WARN_QUOTED_INCLUDE_IN_FRAMEWORK_HEADER = YES;
				CLANG_WARN_RANGE_LOOP_ANALYSIS = YES;
				CLANG_WARN_STRICT_PROTOTYPES = YES;
				CLANG_WARN_SUSPICIOUS_MOVE = YES;
				CLANG_WARN_UNGUARDED_AVAILABILITY = YES_AGGRESSIVE;
				CLANG_WARN_UNREACHABLE_CODE = YES;
				CLANG_WARN__DUPLICATE_METHOD_MATCH = YES;
				COPY_PHASE_STRIP = NO;
				DEBUG_INFORMATION_FORMAT = dwarf;
				ENABLE_STRICT_OBJC_MSGSEND = YES;
				ENABLE_TESTABILITY = YES;
				GCC_C_LANGUAGE_STANDARD = gnu11;
				GCC_DYNAMIC_NO_PIC = NO;
				GCC_NO_COMMON_BLOCKS = YES;
				GCC_OPTIMIZATION_LEVEL = 0;
				GCC_PREPROCESSOR_DEFINITIONS = (
					"DEBUG=1",
					"$(inherited)",
				);
				GCC_WARN_64_TO_32_BIT_CONVERSION = YES;
				GCC_WARN_ABOUT_RETURN_TYPE = YES_ERROR;
				GCC_WARN_UNDECLARED_SELECTOR = YES;
				GCC_WARN_UNINITIALIZED_AUTOS = YES_AGGRESSIVE;
				GCC_WARN_UNUSED_FUNCTION = YES;
				GCC_WARN_UNUSED_VARIABLE = YES;
				IPHONEOS_DEPLOYMENT_TARGET = 16.2;
				MTL_ENABLE_DEBUG_INFO = INCLUDE_SOURCE;
				MTL_FAST_MATH = YES;
				ONLY_ACTIVE_ARCH = YES;
				SDKROOT = iphoneos;
				SWIFT_ACTIVE_COMPILATION_CONDITIONS = DEBUG;
				SWIFT_OPTIMIZATION_LEVEL = "-Onone";
			};
			name = Debug;
		};
		C84C644929C9D20A00A895E7 /* Release */ = {
			isa = XCBuildConfiguration;
			buildSettings = {
				ALWAYS_SEARCH_USER_PATHS = NO;
				CLANG_ANALYZER_NONNULL = YES;
				CLANG_ANALYZER_NUMBER_OBJECT_CONVERSION = YES_AGGRESSIVE;
				CLANG_CXX_LANGUAGE_STANDARD = "gnu++20";
				CLANG_ENABLE_MODULES = YES;
				CLANG_ENABLE_OBJC_ARC = YES;
				CLANG_ENABLE_OBJC_WEAK = YES;
				CLANG_WARN_BLOCK_CAPTURE_AUTORELEASING = YES;
				CLANG_WARN_BOOL_CONVERSION = YES;
				CLANG_WARN_COMMA = YES;
				CLANG_WARN_CONSTANT_CONVERSION = YES;
				CLANG_WARN_DEPRECATED_OBJC_IMPLEMENTATIONS = YES;
				CLANG_WARN_DIRECT_OBJC_ISA_USAGE = YES_ERROR;
				CLANG_WARN_DOCUMENTATION_COMMENTS = YES;
				CLANG_WARN_EMPTY_BODY = YES;
				CLANG_WARN_ENUM_CONVERSION = YES;
				CLANG_WARN_INFINITE_RECURSION = YES;
				CLANG_WARN_INT_CONVERSION = YES;
				CLANG_WARN_NON_LITERAL_NULL_CONVERSION = YES;
				CLANG_WARN_OBJC_IMPLICIT_RETAIN_SELF = YES;
				CLANG_WARN_OBJC_LITERAL_CONVERSION = YES;
				CLANG_WARN_OBJC_ROOT_CLASS = YES_ERROR;
				CLANG_WARN_QUOTED_INCLUDE_IN_FRAMEWORK_HEADER = YES;
				CLANG_WARN_RANGE_LOOP_ANALYSIS = YES;
				CLANG_WARN_STRICT_PROTOTYPES = YES;
				CLANG_WARN_SUSPICIOUS_MOVE = YES;
				CLANG_WARN_UNGUARDED_AVAILABILITY = YES_AGGRESSIVE;
				CLANG_WARN_UNREACHABLE_CODE = YES;
				CLANG_WARN__DUPLICATE_METHOD_MATCH = YES;
				COPY_PHASE_STRIP = NO;
				DEBUG_INFORMATION_FORMAT = "dwarf-with-dsym";
				ENABLE_NS_ASSERTIONS = NO;
				ENABLE_STRICT_OBJC_MSGSEND = YES;
				GCC_C_LANGUAGE_STANDARD = gnu11;
				GCC_NO_COMMON_BLOCKS = YES;
				GCC_WARN_64_TO_32_BIT_CONVERSION = YES;
				GCC_WARN_ABOUT_RETURN_TYPE = YES_ERROR;
				GCC_WARN_UNDECLARED_SELECTOR = YES;
				GCC_WARN_UNINITIALIZED_AUTOS = YES_AGGRESSIVE;
				GCC_WARN_UNUSED_FUNCTION = YES;
				GCC_WARN_UNUSED_VARIABLE = YES;
				IPHONEOS_DEPLOYMENT_TARGET = 16.2;
				MTL_ENABLE_DEBUG_INFO = NO;
				MTL_FAST_MATH = YES;
				SDKROOT = iphoneos;
				SWIFT_COMPILATION_MODE = wholemodule;
				SWIFT_OPTIMIZATION_LEVEL = "-O";
				VALIDATE_PRODUCT = YES;
			};
			name = Release;
		};
		C84C644B29C9D20A00A895E7 /* Debug */ = {
			isa = XCBuildConfiguration;
			buildSettings = {
				ASSETCATALOG_COMPILER_APPICON_NAME = AppIcon;
				ASSETCATALOG_COMPILER_GLOBAL_ACCENT_COLOR_NAME = AccentColor;
				CODE_SIGN_STYLE = Automatic;
				CURRENT_PROJECT_VERSION = 1;
				DEVELOPMENT_ASSET_PATHS = "\"HelloVadim/Preview Content\"";
				ENABLE_PREVIEWS = YES;
				GENERATE_INFOPLIST_FILE = YES;
				INFOPLIST_KEY_UIApplicationSceneManifest_Generation = YES;
				INFOPLIST_KEY_UIApplicationSupportsIndirectInputEvents = YES;
				INFOPLIST_KEY_UILaunchScreen_Generation = YES;
				INFOPLIST_KEY_UISupportedInterfaceOrientations_iPad = "UIInterfaceOrientationPortrait UIInterfaceOrientationPortraitUpsideDown UIInterfaceOrientationLandscapeLeft UIInterfaceOrientationLandscapeRight";
				INFOPLIST_KEY_UISupportedInterfaceOrientations_iPhone = "UIInterfaceOrientationPortrait UIInterfaceOrientationLandscapeLeft UIInterfaceOrientationLandscapeRight";
				LD_RUNPATH_SEARCH_PATHS = (
					"$(inherited)",
					"@executable_path/Frameworks",
				);
				MARKETING_VERSION = 1.0;
				PRODUCT_BUNDLE_IDENTIFIER = BelousovaKolodin.HelloVadim;
				PRODUCT_NAME = "$(TARGET_NAME)";
				SWIFT_EMIT_LOC_STRINGS = YES;
				SWIFT_VERSION = 5.0;
				TARGETED_DEVICE_FAMILY = "1,2";
			};
			name = Debug;
		};
		C84C644C29C9D20A00A895E7 /* Release */ = {
			isa = XCBuildConfiguration;
			buildSettings = {
				ASSETCATALOG_COMPILER_APPICON_NAME = AppIcon;
				ASSETCATALOG_COMPILER_GLOBAL_ACCENT_COLOR_NAME = AccentColor;
				CODE_SIGN_STYLE = Automatic;
				CURRENT_PROJECT_VERSION = 1;
				DEVELOPMENT_ASSET_PATHS = "\"HelloVadim/Preview Content\"";
				ENABLE_PREVIEWS = YES;
				GENERATE_INFOPLIST_FILE = YES;
				INFOPLIST_KEY_UIApplicationSceneManifest_Generation = YES;
				INFOPLIST_KEY_UIApplicationSupportsIndirectInputEvents = YES;
				INFOPLIST_KEY_UILaunchScreen_Generation = YES;
				INFOPLIST_KEY_UISupportedInterfaceOrientations_iPad = "UIInterfaceOrientationPortrait UIInterfaceOrientationPortraitUpsideDown UIInterfaceOrientationLandscapeLeft UIInterfaceOrientationLandscapeRight";
				INFOPLIST_KEY_UISupportedInterfaceOrientations_iPhone = "UIInterfaceOrientationPortrait UIInterfaceOrientationLandscapeLeft UIInterfaceOrientationLandscapeRight";
				LD_RUNPATH_SEARCH_PATHS = (
					"$(inherited)",
					"@executable_path/Frameworks",
				);
				MARKETING_VERSION = 1.0;
				PRODUCT_BUNDLE_IDENTIFIER = BelousovaKolodin.HelloVadim;
				PRODUCT_NAME = "$(TARGET_NAME)";
				SWIFT_EMIT_LOC_STRINGS = YES;
				SWIFT_VERSION = 5.0;
				TARGETED_DEVICE_FAMILY = "1,2";
			};
			name = Release;
		};
/* End XCBuildConfiguration section */

/* Begin XCConfigurationList section */
		C84C643729C9D20800A895E7 /* Build configuration list for PBXProject "HelloVadim" */ = {
			isa = XCConfigurationList;
			buildConfigurations = (
				C84C644829C9D20A00A895E7 /* Debug */,
				C84C644929C9D20A00A895E7 /* Release */,
			);
			defaultConfigurationIsVisible = 0;
			defaultConfigurationName = Release;
		};
		C84C644A29C9D20A00A895E7 /* Build configuration list for PBXNativeTarget "HelloVadim" */ = {
			isa = XCConfigurationList;
			buildConfigurations = (
				C84C644B29C9D20A00A895E7 /* Debug */,
				C84C644C29C9D20A00A895E7 /* Release */,
			);
			defaultConfigurationIsVisible = 0;
			defaultConfigurationName = Release;
		};
/* End XCConfigurationList section */
	};
	rootObject = C84C643429C9D20800A895E7 /* Project object */;
}
